<?xml version="1.0" encoding="utf-8"?>
<Project ToolsVersion="4.0" xmlns="http://schemas.microsoft.com/developer/msbuild/2003">
  <ItemGroup>
    <Filter Include="소스 파일">
      <UniqueIdentifier>{4FC737F1-C7A5-4376-A066-2A32D752A2FF}</UniqueIdentifier>
      <Extensions>cpp;c;cc;cxx;c++;cppm;ixx;def;odl;idl;hpj;bat;asm;asmx</Extensions>
    </Filter>
    <Filter Include="헤더 파일">
      <UniqueIdentifier>{93995380-89BD-4b04-88EB-625FBE52EBFB}</UniqueIdentifier>
      <Extensions>h;hh;hpp;hxx;h++;hm;inl;inc;ipp;xsd</Extensions>
    </Filter>
    <Filter Include="리소스 파일">
      <UniqueIdentifier>{67DA6AB6-F800-4c08-8B7A-83BB121AAD01}</UniqueIdentifier>
      <Extensions>rc;ico;cur;bmp;dlg;rc2;rct;bin;rgs;gif;jpg;jpeg;jpe;resx;tiff;tif;png;wav;mfcribbon-ms</Extensions>
    </Filter>
  </ItemGroup>
  <ItemGroup>
    <ClCompile Include="Prg2-3.cpp">
      <Filter>소스 파일</Filter>
    </ClCompile>
    <ClCompile Include="Prg2-4.cpp">
      <Filter>소스 파일</Filter>
    </ClCompile>
    <ClCompile Include="Prg2-5.cpp">
      <Filter>소스 파일</Filter>
    </ClCompile>
    <ClCompile Include="Prg2-6.cpp">
      <Filter>소스 파일</Filter>
    </ClCompile>
    <ClCompile Include="Prg2-7.cpp">
      <Filter>소스 파일</Filter>
    </ClCompile>
    <ClCompile Include="Prg2-8.cpp">
      <Filter>소스 파일</Filter>
    </ClCompile>
    <ClCompile Include="Prg2-13%28string%29.cpp">
      <Filter>소스 파일</Filter>
    </ClCompile>
    <ClCompile Include="Prg3-2.cpp">
      <Filter>소스 파일</Filter>
    </ClCompile>
    <ClCompile Include="Prg3-4.cpp">
      <Filter>소스 파일</Filter>
    </ClCompile>
    <ClCompile Include="Prg3-5.cpp">
      <Filter>소스 파일</Filter>
    </ClCompile>
    <ClCompile Include="Prg3-8.cpp">
      <Filter>소스 파일</Filter>
    </ClCompile>
    <ClCompile Include="Prg3-15.cpp">
      <Filter>소스 파일</Filter>
    </ClCompile>
    <ClCompile Include="Prg3-16.cpp">
      <Filter>소스 파일</Filter>
    </ClCompile>
    <ClCompile Include="Prg3-17.cpp">
      <Filter>소스 파일</Filter>
    </ClCompile>
    <ClCompile Include="Prg3-18.cpp">
      <Filter>소스 파일</Filter>
    </ClCompile>
    <ClCompile Include="Prg3-19.cpp">
      <Filter>소스 파일</Filter>
    </ClCompile>
    <ClCompile Include="Prg3-20.cpp">
      <Filter>소스 파일</Filter>
    </ClCompile>
    <ClCompile Include="Prg3-22.cpp">
      <Filter>소스 파일</Filter>
    </ClCompile>
    <ClCompile Include="Prg3-23.cpp">
      <Filter>소스 파일</Filter>
    </ClCompile>
    <ClCompile Include="Prg4-1.cpp">
      <Filter>소스 파일</Filter>
    </ClCompile>
    <ClCompile Include="Prg4-2.cpp">
      <Filter>소스 파일</Filter>
    </ClCompile>
    <ClCompile Include="Prg4-4.cpp">
      <Filter>소스 파일</Filter>
    </ClCompile>
    <ClCompile Include="Prg4-6.cpp">
      <Filter>소스 파일</Filter>
    </ClCompile>
    <ClCompile Include="Prg4-7.cpp">
      <Filter>소스 파일</Filter>
    </ClCompile>
    <ClCompile Include="Prg4-9.cpp">
      <Filter>소스 파일</Filter>
    </ClCompile>
    <ClCompile Include="Prg4-10.cpp">
      <Filter>소스 파일</Filter>
    </ClCompile>
    <ClCompile Include="Prg4-12.cpp">
      <Filter>소스 파일</Filter>
    </ClCompile>
    <ClCompile Include="Prg4-13.cpp">
      <Filter>소스 파일</Filter>
    </ClCompile>
    <ClCompile Include="Prg4-14.cpp">
      <Filter>소스 파일</Filter>
    </ClCompile>
    <ClCompile Include="Prg5-1.cpp">
      <Filter>소스 파일</Filter>
    </ClCompile>
    <ClCompile Include="Prg5-2.cpp">
      <Filter>소스 파일</Filter>
    </ClCompile>
    <ClCompile Include="Prg5-4.cpp">
      <Filter>소스 파일</Filter>
    </ClCompile>
    <ClCompile Include="Prg5-5.cpp">
      <Filter>소스 파일</Filter>
    </ClCompile>
    <ClCompile Include="Prg5-7.cpp">
      <Filter>소스 파일</Filter>
    </ClCompile>
    <ClCompile Include="Prg5-10.cpp">
      <Filter>소스 파일</Filter>
    </ClCompile>
    <ClCompile Include="Prg5-12.cpp">
      <Filter>소스 파일</Filter>
    </ClCompile>
    <ClCompile Include="Prg5-13.cpp">
      <Filter>소스 파일</Filter>
    </ClCompile>
    <ClCompile Include="Prg5-14.cpp">
      <Filter>소스 파일</Filter>
    </ClCompile>
    <ClCompile Include="문제.cpp">
      <Filter>소스 파일</Filter>
    </ClCompile>
    <ClCompile Include="Prg6-1.cpp">
      <Filter>소스 파일</Filter>
    </ClCompile>
    <ClCompile Include="Prg6-4.cpp">
      <Filter>소스 파일</Filter>
    </ClCompile>
    <ClCompile Include="Prg6-5.cpp">
      <Filter>소스 파일</Filter>
    </ClCompile>
    <ClCompile Include="Prg6-6.cpp">
      <Filter>소스 파일</Filter>
    </ClCompile>
    <ClCompile Include="Prg6-7.cpp">
      <Filter>소스 파일</Filter>
    </ClCompile>
    <ClCompile Include="Prg6-8.cpp">
      <Filter>소스 파일</Filter>
    </ClCompile>
    <ClCompile Include="Prg6-11.cpp">
      <Filter>소스 파일</Filter>
    </ClCompile>
    <ClCompile Include="Prg6-9.cpp">
      <Filter>소스 파일</Filter>
    </ClCompile>
    <ClCompile Include="functions.cpp">
      <Filter>소스 파일</Filter>
    </ClCompile>
    <ClCompile Include="Prg6-21.cpp">
      <Filter>소스 파일</Filter>
    </ClCompile>
    <ClCompile Include="Prg6-24.cpp">
      <Filter>소스 파일</Filter>
    </ClCompile>
    <ClCompile Include="Circle.cpp">
      <Filter>소스 파일</Filter>
    </ClCompile>
    <ClCompile Include="Rectangle.cpp">
      <Filter>소스 파일</Filter>
    </ClCompile>
    <ClCompile Include="test.cpp">
      <Filter>소스 파일</Filter>
    </ClCompile>
    <ClCompile Include="Prg7-1%28Class.Circle%29.cpp">
      <Filter>소스 파일</Filter>
    </ClCompile>
    <ClCompile Include="Prg7-4%28Class.Rectangle%29.cpp">
      <Filter>소스 파일</Filter>
    </ClCompile>
    <ClCompile Include="time.cpp">
      <Filter>소스 파일</Filter>
    </ClCompile>
    <ClCompile Include="Prg7-15.cpp">
      <Filter>소스 파일</Filter>
    </ClCompile>
    <ClCompile Include="Prg8-1%28array%29.cpp">
      <Filter>소스 파일</Filter>
    </ClCompile>
    <ClCompile Include="Prg8-4.cpp">
      <Filter>소스 파일</Filter>
    </ClCompile>
    <ClCompile Include="Prg8-4-1.cpp">
      <Filter>소스 파일</Filter>
    </ClCompile>
    <ClCompile Include="Prg8-4-2.cpp">
      <Filter>소스 파일</Filter>
    </ClCompile>
    <ClCompile Include="Prg8-7,8.cpp">
      <Filter>소스 파일</Filter>
    </ClCompile>
    <ClCompile Include="Prg8-13.cpp">
      <Filter>소스 파일</Filter>
    </ClCompile>
    <ClCompile Include="Prg9-1.cpp">
      <Filter>소스 파일</Filter>
    </ClCompile>
    <ClCompile Include="소수 출력 프로그램.cpp">
      <Filter>소스 파일</Filter>
    </ClCompile>
    <ClCompile Include="Prg9-8.cpp">
      <Filter>소스 파일</Filter>
    </ClCompile>
    <ClCompile Include="Prg9-10.cpp">
      <Filter>소스 파일</Filter>
    </ClCompile>
    <ClCompile Include="Prg9-11.cpp">
      <Filter>소스 파일</Filter>
    </ClCompile>
    <ClCompile Include="heapArray.cpp">
      <Filter>소스 파일</Filter>
    </ClCompile>
    <ClCompile Include="Person.cpp">
      <Filter>소스 파일</Filter>
    </ClCompile>
    <ClCompile Include="Prg10-1~10%28한줄입력,동적할당,array관련함수%29.cpp">
      <Filter>소스 파일</Filter>
    </ClCompile>
    <ClCompile Include="Prg10-12~21%28string함수사용%29.cpp">
      <Filter>소스 파일</Filter>
    </ClCompile>
    <ClCompile Include="STR practice.cpp">
      <Filter>소스 파일</Filter>
    </ClCompile>
  </ItemGroup>
  <ItemGroup>
    <Text Include="number.txt">
      <Filter>소스 파일</Filter>
    </Text>
    <Text Include="show.txt">
      <Filter>소스 파일</Filter>
    </Text>
  </ItemGroup>
  <ItemGroup>
    <ClInclude Include="fxf.h">
      <Filter>헤더 파일</Filter>
    </ClInclude>
    <ClInclude Include="Circle.h">
      <Filter>헤더 파일</Filter>
    </ClInclude>
    <ClInclude Include="Rectangle.h">
      <Filter>헤더 파일</Filter>
    </ClInclude>
    <ClInclude Include="time.h">
      <Filter>헤더 파일</Filter>
    </ClInclude>
  </ItemGroup>
  <ItemGroup>
    <Library Include="Prg9-4.cpp">
      <Filter>소스 파일</Filter>
    </Library>
  </ItemGroup>
</Project>